
Microsoft Visual Studio Solution File, Format Version 12.00
# Visual Studio Version 17
VisualStudioVersion = 17.5.002.0
MinimumVisualStudioVersion = 10.0.40219.1
Project("{9A19103F-16F7-4668-BE54-9A1E7A4F7556}") = "Cool Stuff", "Cool Stuff.csproj", "{EFC87E38-26C5-4DD3-96F6-5D659028DEE9}"
EndProject
Global
	GlobalSection(SolutionConfigurationPlatforms) = preSolution
		Debug|Any CPU = Debug|Any CPU
		Release|Any CPU = Release|Any CPU
	EndGlobalSection
	GlobalSection(ProjectConfigurationPlatforms) = postSolution
		{EFC87E38-26C5-4DD3-96F6-5D659028DEE9}.Debug|Any CPU.ActiveCfg = Debug|Any CPU
		{EFC87E38-26C5-4DD3-96F6-5D659028DEE9}.Debug|Any CPU.Build.0 = Debug|Any CPU
		{EFC87E38-26C5-4DD3-96F6-5D659028DEE9}.Release|Any CPU.ActiveCfg = Release|Any CPU
		{EFC87E38-26C5-4DD3-96F6-5D659028DEE9}.Release|Any CPU.Build.0 = Release|Any CPU
	EndGlobalSection
	GlobalSection(SolutionProperties) = preSolution
		HideSolutionNode = FALSE
	EndGlobalSection
	GlobalSection(ExtensibilityGlobals) = postSolution
		SolutionGuid = {424B2151-1073-4D16-AE70-4E3661BA849A}
	EndGlobalSection
EndGlobal
